// !$*UTF8*$!
{
	archiveVersion = 1;
	classes = {
	};
	objectVersion = 50;
	objects = {

/* Begin PBXBuildFile section */
		4F7B137E20C69FAD00431B71 /* AppDelegate.swift in Sources */ = {isa = PBXBuildFile; fileRef = 4F7B137D20C69FAD00431B71 /* AppDelegate.swift */; };
		4F7B138020C69FAD00431B71 /* ViewController.swift in Sources */ = {isa = PBXBuildFile; fileRef = 4F7B137F20C69FAD00431B71 /* ViewController.swift */; };
		4F7B138320C69FAD00431B71 /* Main.storyboard in Resources */ = {isa = PBXBuildFile; fileRef = 4F7B138120C69FAD00431B71 /* Main.storyboard */; };
		4F7B138520C69FAD00431B71 /* Assets.xcassets in Resources */ = {isa = PBXBuildFile; fileRef = 4F7B138420C69FAD00431B71 /* Assets.xcassets */; };
		4F7B138820C69FAD00431B71 /* LaunchScreen.storyboard in Resources */ = {isa = PBXBuildFile; fileRef = 4F7B138620C69FAD00431B71 /* LaunchScreen.storyboard */; };
		4F7B139A20C6A0AC00431B71 /* nssl0033.jpg in Resources */ = {isa = PBXBuildFile; fileRef = 4F7B139020C6A0AB00431B71 /* nssl0033.jpg */; };
		4F7B139B20C6A0AC00431B71 /* nssl0034.jpg in Resources */ = {isa = PBXBuildFile; fileRef = 4F7B139120C6A0AB00431B71 /* nssl0034.jpg */; };
		4F7B139C20C6A0AC00431B71 /* nssl0041.jpg in Resources */ = {isa = PBXBuildFile; fileRef = 4F7B139220C6A0AB00431B71 /* nssl0041.jpg */; };
		4F7B139D20C6A0AC00431B71 /* nssl0042.jpg in Resources */ = {isa = PBXBuildFile; fileRef = 4F7B139320C6A0AC00431B71 /* nssl0042.jpg */; };
		4F7B139E20C6A0AC00431B71 /* nssl0043.jpg in Resources */ = {isa = PBXBuildFile; fileRef = 4F7B139420C6A0AC00431B71 /* nssl0043.jpg */; };
		4F7B139F20C6A0AC00431B71 /* nssl0045.jpg in Resources */ = {isa = PBXBuildFile; fileRef = 4F7B139520C6A0AC00431B71 /* nssl0045.jpg */; };
		4F7B13A020C6A0AC00431B71 /* nssl0046.jpg in Resources */ = {isa = PBXBuildFile; fileRef = 4F7B139620C6A0AC00431B71 /* nssl0046.jpg */; };
		4F7B13A120C6A0AC00431B71 /* nssl0049.jpg in Resources */ = {isa = PBXBuildFile; fileRef = 4F7B139720C6A0AC00431B71 /* nssl0049.jpg */; };
		4F7B13A220C6A0AC00431B71 /* nssl0051.jpg in Resources */ = {isa = PBXBuildFile; fileRef = 4F7B139820C6A0AC00431B71 /* nssl0051.jpg */; };
		4F7B13A320C6A0AC00431B71 /* nssl0091.jpg in Resources */ = {isa = PBXBuildFile; fileRef = 4F7B139920C6A0AC00431B71 /* nssl0091.jpg */; };
		4F7B13A520C6AA3400431B71 /* DetailViewController.swift in Sources */ = {isa = PBXBuildFile; fileRef = 4F7B13A420C6AA3400431B71 /* DetailViewController.swift */; };
/* End PBXBuildFile section */

/* Begin PBXFileReference section */
		4F7B137A20C69FAD00431B71 /* Project-3-Social Media.app */ = {isa = PBXFileReference; explicitFileType = wrapper.application; includeInIndex = 0; path = "Project-3-Social Media.app"; sourceTree = BUILT_PRODUCTS_DIR; };
		4F7B137D20C69FAD00431B71 /* AppDelegate.swift */ = {isa = PBXFileReference; lastKnownFileType = sourcecode.swift; path = AppDelegate.swift; sourceTree = "<group>"; };
		4F7B137F20C69FAD00431B71 /* ViewController.swift */ = {isa = PBXFileReference; lastKnownFileType = sourcecode.swift; path = ViewController.swift; sourceTree = "<group>"; };
		4F7B138220C69FAD00431B71 /* Base */ = {isa = PBXFileReference; lastKnownFileType = file.storyboard; name = Base; path = Base.lproj/Main.storyboard; sourceTree = "<group>"; };
		4F7B138420C69FAD00431B71 /* Assets.xcassets */ = {isa = PBXFileReference; lastKnownFileType = folder.assetcatalog; path = Assets.xcassets; sourceTree = "<group>"; };
		4F7B138720C69FAD00431B71 /* Base */ = {isa = PBXFileReference; lastKnownFileType = file.storyboard; name = Base; path = Base.lproj/LaunchScreen.storyboard; sourceTree = "<group>"; };
		4F7B138920C69FAD00431B71 /* Info.plist */ = {isa = PBXFileReference; lastKnownFileType = text.plist.xml; path = Info.plist; sourceTree = "<group>"; };
		4F7B139020C6A0AB00431B71 /* nssl0033.jpg */ = {isa = PBXFileReference; lastKnownFileType = image.jpeg; path = nssl0033.jpg; sourceTree = "<group>"; };
		4F7B139120C6A0AB00431B71 /* nssl0034.jpg */ = {isa = PBXFileReference; lastKnownFileType = image.jpeg; path = nssl0034.jpg; sourceTree = "<group>"; };
		4F7B139220C6A0AB00431B71 /* nssl0041.jpg */ = {isa = PBXFileReference; lastKnownFileType = image.jpeg; path = nssl0041.jpg; sourceTree = "<group>"; };
		4F7B139320C6A0AC00431B71 /* nssl0042.jpg */ = {isa = PBXFileReference; lastKnownFileType = image.jpeg; path = nssl0042.jpg; sourceTree = "<group>"; };
		4F7B139420C6A0AC00431B71 /* nssl0043.jpg */ = {isa = PBXFileReference; lastKnownFileType = image.jpeg; path = nssl0043.jpg; sourceTree = "<group>"; };
		4F7B139520C6A0AC00431B71 /* nssl0045.jpg */ = {isa = PBXFileReference; lastKnownFileType = image.jpeg; path = nssl0045.jpg; sourceTree = "<group>"; };
		4F7B139620C6A0AC00431B71 /* nssl0046.jpg */ = {isa = PBXFileReference; lastKnownFileType = image.jpeg; path = nssl0046.jpg; sourceTree = "<group>"; };
		4F7B139720C6A0AC00431B71 /* nssl0049.jpg */ = {isa = PBXFileReference; lastKnownFileType = image.jpeg; path = nssl0049.jpg; sourceTree = "<group>"; };
		4F7B139820C6A0AC00431B71 /* nssl0051.jpg */ = {isa = PBXFileReference; lastKnownFileType = image.jpeg; path = nssl0051.jpg; sourceTree = "<group>"; };
		4F7B139920C6A0AC00431B71 /* nssl0091.jpg */ = {isa = PBXFileReference; lastKnownFileType = image.jpeg; path = nssl0091.jpg; sourceTree = "<group>"; };
		4F7B13A420C6AA3400431B71 /* DetailViewController.swift */ = {isa = PBXFileReference; lastKnownFileType = sourcecode.swift; path = DetailViewController.swift; sourceTree = "<group>"; };
/* End PBXFileReference section */

/* Begin PBXFrameworksBuildPhase section */
		4F7B137720C69FAD00431B71 /* Frameworks */ = {
			isa = PBXFrameworksBuildPhase;
			buildActionMask = 2147483647;
			files = (
			);
			runOnlyForDeploymentPostprocessing = 0;
		};
/* End PBXFrameworksBuildPhase section */

/* Begin PBXGroup section */
		4F7B137120C69FAD00431B71 = {
			isa = PBXGroup;
			children = (
				4F7B137C20C69FAD00431B71 /* Project-1-Storm-Viewer */,
				4F7B137B20C69FAD00431B71 /* Products */,
			);
			sourceTree = "<group>";
		};
		4F7B137B20C69FAD00431B71 /* Products */ = {
			isa = PBXGroup;
			children = (
				4F7B137A20C69FAD00431B71 /* Project-3-Social Media.app */,
			);
			name = Products;
			sourceTree = "<group>";
		};
		4F7B137C20C69FAD00431B71 /* Project-1-Storm-Viewer */ = {
			isa = PBXGroup;
			children = (
				4F7B137D20C69FAD00431B71 /* AppDelegate.swift */,
				4F7B137F20C69FAD00431B71 /* ViewController.swift */,
				4F7B138120C69FAD00431B71 /* Main.storyboard */,
				4F7B13A420C6AA3400431B71 /* DetailViewController.swift */,
				4F7B138420C69FAD00431B71 /* Assets.xcassets */,
				4F7B138620C69FAD00431B71 /* LaunchScreen.storyboard */,
				4F7B138920C69FAD00431B71 /* Info.plist */,
				4F7B138F20C6A0AB00431B71 /* Content */,
			);
			path = "Project-1-Storm-Viewer";
			sourceTree = "<group>";
		};
		4F7B138F20C6A0AB00431B71 /* Content */ = {
			isa = PBXGroup;
			children = (
				4F7B139020C6A0AB00431B71 /* nssl0033.jpg */,
				4F7B139120C6A0AB00431B71 /* nssl0034.jpg */,
				4F7B139220C6A0AB00431B71 /* nssl0041.jpg */,
				4F7B139320C6A0AC00431B71 /* nssl0042.jpg */,
				4F7B139420C6A0AC00431B71 /* nssl0043.jpg */,
				4F7B139520C6A0AC00431B71 /* nssl0045.jpg */,
				4F7B139620C6A0AC00431B71 /* nssl0046.jpg */,
				4F7B139720C6A0AC00431B71 /* nssl0049.jpg */,
				4F7B139820C6A0AC00431B71 /* nssl0051.jpg */,
				4F7B139920C6A0AC00431B71 /* nssl0091.jpg */,
			);
			path = Content;
			sourceTree = "<group>";
		};
/* End PBXGroup section */

/* Begin PBXNativeTarget section */
		4F7B137920C69FAD00431B71 /* Project-3-Social Media */ = {
			isa = PBXNativeTarget;
			buildConfigurationList = 4F7B138C20C69FAD00431B71 /* Build configuration list for PBXNativeTarget "Project-3-Social Media" */;
			buildPhases = (
				4F7B137620C69FAD00431B71 /* Sources */,
				4F7B137720C69FAD00431B71 /* Frameworks */,
				4F7B137820C69FAD00431B71 /* Resources */,
			);
			buildRules = (
			);
			dependencies = (
			);
			name = "Project-3-Social Media";
			productName = "Project-1-Storm-Viewer";
			productReference = 4F7B137A20C69FAD00431B71 /* Project-3-Social Media.app */;
			productType = "com.apple.product-type.application";
		};
/* End PBXNativeTarget section */

/* Begin PBXProject section */
		4F7B137220C69FAD00431B71 /* Project object */ = {
			isa = PBXProject;
			attributes = {
				LastSwiftUpdateCheck = 0940;
				LastUpgradeCheck = 0940;
				ORGANIZATIONNAME = "A&D Progress";
				TargetAttributes = {
					4F7B137920C69FAD00431B71 = {
						CreatedOnToolsVersion = 9.4;
					};
				};
			};
			buildConfigurationList = 4F7B137520C69FAD00431B71 /* Build configuration list for PBXProject "Project-3-Social Media" */;
			compatibilityVersion = "Xcode 9.3";
			developmentRegion = en;
			hasScannedForEncodings = 0;
			knownRegions = (
				en,
				Base,
			);
			mainGroup = 4F7B137120C69FAD00431B71;
			productRefGroup = 4F7B137B20C69FAD00431B71 /* Products */;
			projectDirPath = "";
			projectRoot = "";
			targets = (
				4F7B137920C69FAD00431B71 /* Project-3-Social Media */,
			);
		};
/* End PBXProject section */

/* Begin PBXResourcesBuildPhase section */
		4F7B137820C69FAD00431B71 /* Resources */ = {
			isa = PBXResourcesBuildPhase;
			buildActionMask = 2147483647;
			files = (
				4F7B139B20C6A0AC00431B71 /* nssl0034.jpg in Resources */,
				4F7B13A220C6A0AC00431B71 /* nssl0051.jpg in Resources */,
				4F7B138820C69FAD00431B71 /* LaunchScreen.storyboard in Resources */,
				4F7B139E20C6A0AC00431B71 /* nssl0043.jpg in Resources */,
				4F7B139A20C6A0AC00431B71 /* nssl0033.jpg in Resources */,
				4F7B139F20C6A0AC00431B71 /* nssl0045.jpg in Resources */,
				4F7B13A020C6A0AC00431B71 /* nssl0046.jpg in Resources */,
				4F7B13A120C6A0AC00431B71 /* nssl0049.jpg in Resources */,
				4F7B139D20C6A0AC00431B71 /* nssl0042.jpg in Resources */,
				4F7B138520C69FAD00431B71 /* Assets.xcassets in Resources */,
				4F7B13A320C6A0AC00431B71 /* nssl0091.jpg in Resources */,
				4F7B139C20C6A0AC00431B71 /* nssl0041.jpg in Resources */,
				4F7B138320C69FAD00431B71 /* Main.storyboard in Resources */,
			);
			runOnlyForDeploymentPostprocessing = 0;
		};
/* End PBXResourcesBuildPhase section */

/* Begin PBXSourcesBuildPhase section */
		4F7B137620C69FAD00431B71 /* Sources */ = {
			isa = PBXSourcesBuildPhase;
			buildActionMask = 2147483647;
			files = (
				4F7B13A520C6AA3400431B71 /* DetailViewController.swift in Sources */,
				4F7B138020C69FAD00431B71 /* ViewController.swift in Sources */,
				4F7B137E20C69FAD00431B71 /* AppDelegate.swift in Sources */,
			);
			runOnlyForDeploymentPostprocessing = 0;
		};
/* End PBXSourcesBuildPhase section */

/* Begin PBXVariantGroup section */
		4F7B138120C69FAD00431B71 /* Main.storyboard */ = {
			isa = PBXVariantGroup;
			children = (
				4F7B138220C69FAD00431B71 /* Base */,
			);
			name = Main.storyboard;
			sourceTree = "<group>";
		};
		4F7B138620C69FAD00431B71 /* LaunchScreen.storyboard */ = {
			isa = PBXVariantGroup;
			children = (
				4F7B138720C69FAD00431B71 /* Base */,
			);
			name = LaunchScreen.storyboard;
			sourceTree = "<group>";
		};
/* End PBXVariantGroup section */

/* Begin XCBuildConfiguration section */
		4F7B138A20C69FAD00431B71 /* Debug */ = {
			isa = XCBuildConfiguration;
			buildSettings = {
				ALWAYS_SEARCH_USER_PATHS = NO;
				CLANG_ANALYZER_NONNULL = YES;
				CLANG_ANALYZER_NUMBER_OBJECT_CONVERSION = YES_AGGRESSIVE;
				CLANG_CXX_LANGUAGE_STANDARD = "gnu++14";
				CLANG_CXX_LIBRARY = "libc++";
				CLANG_ENABLE_MODULES = YES;
				CLANG_ENABLE_OBJC_ARC = YES;
				CLANG_ENABLE_OBJC_WEAK = YES;
				CLANG_WARN_BLOCK_CAPTURE_AUTORELEASING = YES;
				CLANG_WARN_BOOL_CONVERSION = YES;
				CLANG_WARN_COMMA = YES;
				CLANG_WARN_CONSTANT_CONVERSION = YES;
				CLANG_WARN_DEPRECATED_OBJC_IMPLEMENTATIONS = YES;
				CLANG_WARN_DIRECT_OBJC_ISA_USAGE = YES_ERROR;
				CLANG_WARN_DOCUMENTATION_COMMENTS = YES;
				CLANG_WARN_EMPTY_BODY = YES;
				CLANG_WARN_ENUM_CONVERSION = YES;
				CLANG_WARN_INFINITE_RECURSION = YES;
				CLANG_WARN_INT_CONVERSION = YES;
				CLANG_WARN_NON_LITERAL_NULL_CONVERSION = YES;
				CLANG_WARN_OBJC_IMPLICIT_RETAIN_SELF = YES;
				CLANG_WARN_OBJC_LITERAL_CONVERSION = YES;
				CLANG_WARN_OBJC_ROOT_CLASS = YES_ERROR;
				CLANG_WARN_RANGE_LOOP_ANALYSIS = YES;
				CLANG_WARN_STRICT_PROTOTYPES = YES;
				CLANG_WARN_SUSPICIOUS_MOVE = YES;
				CLANG_WARN_UNGUARDED_AVAILABILITY = YES_AGGRESSIVE;
				CLANG_WARN_UNREACHABLE_CODE = YES;
				CLANG_WARN__DUPLICATE_METHOD_MATCH = YES;
				CODE_SIGN_IDENTITY = "iPhone Developer";
				COPY_PHASE_STRIP = NO;
				DEBUG_INFORMATION_FORMAT = dwarf;
				ENABLE_STRICT_OBJC_MSGSEND = YES;
				ENABLE_TESTABILITY = YES;
				GCC_C_LANGUAGE_STANDARD = gnu11;
				GCC_DYNAMIC_NO_PIC = NO;
				GCC_NO_COMMON_BLOCKS = YES;
				GCC_OPTIMIZATION_LEVEL = 0;
				GCC_PREPROCESSOR_DEFINITIONS = (
					"DEBUG=1",
					"$(inherited)",
				);
				GCC_WARN_64_TO_32_BIT_CONVERSION = YES;
				GCC_WARN_ABOUT_RETURN_TYPE = YES_ERROR;
				GCC_WARN_UNDECLARED_SELECTOR = YES;
				GCC_WARN_UNINITIALIZED_AUTOS = YES_AGGRESSIVE;
				GCC_WARN_UNUSED_FUNCTION = YES;
				GCC_WARN_UNUSED_VARIABLE = YES;
				IPHONEOS_DEPLOYMENT_TARGET = 11.4;
				MTL_ENABLE_DEBUG_INFO = YES;
				ONLY_ACTIVE_ARCH = YES;
				SDKROOT = iphoneos;
				SWIFT_ACTIVE_COMPILATION_CONDITIONS = DEBUG;
				SWIFT_OPTIMIZATION_LEVEL = "-Onone";
			};
			name = Debug;
		};
		4F7B138B20C69FAD00431B71 /* Release */ = {
			isa = XCBuildConfiguration;
			buildSettings = {
				ALWAYS_SEARCH_USER_PATHS = NO;
				CLANG_ANALYZER_NONNULL = YES;
				CLANG_ANALYZER_NUMBER_OBJECT_CONVERSION = YES_AGGRESSIVE;
				CLANG_CXX_LANGUAGE_STANDARD = "gnu++14";
				CLANG_CXX_LIBRARY = "libc++";
				CLANG_ENABLE_MODULES = YES;
				CLANG_ENABLE_OBJC_ARC = YES;
				CLANG_ENABLE_OBJC_WEAK = YES;
				CLANG_WARN_BLOCK_CAPTURE_AUTORELEASING = YES;
				CLANG_WARN_BOOL_CONVERSION = YES;
				CLANG_WARN_COMMA = YES;
				CLANG_WARN_CONSTANT_CONVERSION = YES;
				CLANG_WARN_DEPRECATED_OBJC_IMPLEMENTATIONS = YES;
				CLANG_WARN_DIRECT_OBJC_ISA_USAGE = YES_ERROR;
				CLANG_WARN_DOCUMENTATION_COMMENTS = YES;
				CLANG_WARN_EMPTY_BODY = YES;
				CLANG_WARN_ENUM_CONVERSION = YES;
				CLANG_WARN_INFINITE_RECURSION = YES;
				CLANG_WARN_INT_CONVERSION = YES;
				CLANG_WARN_NON_LITERAL_NULL_CONVERSION = YES;
				CLANG_WARN_OBJC_IMPLICIT_RETAIN_SELF = YES;
				CLANG_WARN_OBJC_LITERAL_CONVERSION = YES;
				CLANG_WARN_OBJC_ROOT_CLASS = YES_ERROR;
				CLANG_WARN_RANGE_LOOP_ANALYSIS = YES;
				CLANG_WARN_STRICT_PROTOTYPES = YES;
				CLANG_WARN_SUSPICIOUS_MOVE = YES;
				CLANG_WARN_UNGUARDED_AVAILABILITY = YES_AGGRESSIVE;
				CLANG_WARN_UNREACHABLE_CODE = YES;
				CLANG_WARN__DUPLICATE_METHOD_MATCH = YES;
				CODE_SIGN_IDENTITY = "iPhone Developer";
				COPY_PHASE_STRIP = NO;
				DEBUG_INFORMATION_FORMAT = "dwarf-with-dsym";
				ENABLE_NS_ASSERTIONS = NO;
				ENABLE_STRICT_OBJC_MSGSEND = YES;
				GCC_C_LANGUAGE_STANDARD = gnu11;
				GCC_NO_COMMON_BLOCKS = YES;
				GCC_WARN_64_TO_32_BIT_CONVERSION = YES;
				GCC_WARN_ABOUT_RETURN_TYPE = YES_ERROR;
				GCC_WARN_UNDECLARED_SELECTOR = YES;
				GCC_WARN_UNINITIALIZED_AUTOS = YES_AGGRESSIVE;
				GCC_WARN_UNUSED_FUNCTION = YES;
				GCC_WARN_UNUSED_VARIABLE = YES;
				IPHONEOS_DEPLOYMENT_TARGET = 11.4;
				MTL_ENABLE_DEBUG_INFO = NO;
				SDKROOT = iphoneos;
				SWIFT_COMPILATION_MODE = wholemodule;
				SWIFT_OPTIMIZATION_LEVEL = "-O";
				VALIDATE_PRODUCT = YES;
			};
			name = Release;
		};
		4F7B138D20C69FAD00431B71 /* Debug */ = {
			isa = XCBuildConfiguration;
			buildSettings = {
				ASSETCATALOG_COMPILER_APPICON_NAME = AppIcon;
				CODE_SIGN_STYLE = Automatic;
				DEVELOPMENT_TEAM = 6GDWE93PAP;
				INFOPLIST_FILE = "Project-1-Storm-Viewer/Info.plist";
				LD_RUNPATH_SEARCH_PATHS = (
					"$(inherited)",
					"@executable_path/Frameworks",
				);
				PRODUCT_BUNDLE_IDENTIFIER = "com.adprogress.Project-3-Social-Media";
				PRODUCT_NAME = "$(TARGET_NAME)";
				SWIFT_VERSION = 4.0;
				TARGETED_DEVICE_FAMILY = "1,2";
			};
			name = Debug;
		};
		4F7B138E20C69FAD00431B71 /* Release */ = {
			isa = XCBuildConfiguration;
			buildSettings = {
				ASSETCATALOG_COMPILER_APPICON_NAME = AppIcon;
				CODE_SIGN_STYLE = Automatic;
				DEVELOPMENT_TEAM = 6GDWE93PAP;
				INFOPLIST_FILE = "Project-1-Storm-Viewer/Info.plist";
				LD_RUNPATH_SEARCH_PATHS = (
					"$(inherited)",
					"@executable_path/Frameworks",
				);
				PRODUCT_BUNDLE_IDENTIFIER = "com.adprogress.Project-3-Social-Media";
				PRODUCT_NAME = "$(TARGET_NAME)";
				SWIFT_VERSION = 4.0;
				TARGETED_DEVICE_FAMILY = "1,2";
			};
			name = Release;
		};
/* End XCBuildConfiguration section */

/* Begin XCConfigurationList section */
		4F7B137520C69FAD00431B71 /* Build configuration list for PBXProject "Project-3-Social Media" */ = {
			isa = XCConfigurationList;
			buildConfigurations = (
				4F7B138A20C69FAD00431B71 /* Debug */,
				4F7B138B20C69FAD00431B71 /* Release */,
			);
			defaultConfigurationIsVisible = 0;
			defaultConfigurationName = Release;
		};
		4F7B138C20C69FAD00431B71 /* Build configuration list for PBXNativeTarget "Project-3-Social Media" */ = {
			isa = XCConfigurationList;
			buildConfigurations = (
				4F7B138D20C69FAD00431B71 /* Debug */,
				4F7B138E20C69FAD00431B71 /* Release */,
			);
			defaultConfigurationIsVisible = 0;
			defaultConfigurationName = Release;
		};
/* End XCConfigurationList section */
	};
	rootObject = 4F7B137220C69FAD00431B71 /* Project object */;
}
